// !$*UTF8*$!
{
	archiveVersion = 1;
	classes = {
	};
	objectVersion = 51;
	objects = {

/* Begin PBXBuildFile section */
		B7D5CB8025D13E5400F02426 /* GoogleMapView.swift in Sources */ = {isa = PBXBuildFile; fileRef = B7D5CB7F25D13E5400F02426 /* GoogleMapView.swift */; };
		B7D5CB8325D13E7700F02426 /* LocationManager.swift in Sources */ = {isa = PBXBuildFile; fileRef = B7D5CB8225D13E7700F02426 /* LocationManager.swift */; };
		DDDE1F0925E69AED00598867 /* Response.swift in Sources */ = {isa = PBXBuildFile; fileRef = DDDE1F0825E69AED00598867 /* Response.swift */; };
		DDDE1F0E25E69D9A00598867 /* SukhumvitSet.ttc in Resources */ = {isa = PBXBuildFile; fileRef = DDDE1F0D25E69D9A00598867 /* SukhumvitSet.ttc */; };
		DDFF59E625D0330A003FB040 /* PMU_App.swift in Sources */ = {isa = PBXBuildFile; fileRef = DDFF59E525D0330A003FB040 /* PMU_App.swift */; };
		DDFF59E825D0330A003FB040 /* ContentView.swift in Sources */ = {isa = PBXBuildFile; fileRef = DDFF59E725D0330A003FB040 /* ContentView.swift */; };
		DDFF59EA25D0330D003FB040 /* Assets.xcassets in Resources */ = {isa = PBXBuildFile; fileRef = DDFF59E925D0330D003FB040 /* Assets.xcassets */; };
		DDFF59ED25D0330D003FB040 /* Preview Assets.xcassets in Resources */ = {isa = PBXBuildFile; fileRef = DDFF59EC25D0330D003FB040 /* Preview Assets.xcassets */; };
		DDFF5A0325D036ED003FB040 /* Restaurants.swift in Sources */ = {isa = PBXBuildFile; fileRef = DDFF5A0225D036ED003FB040 /* Restaurants.swift */; };
		DDFF5A0A25D03F6E003FB040 /* Category.swift in Sources */ = {isa = PBXBuildFile; fileRef = DDFF5A0925D03F6E003FB040 /* Category.swift */; };
		DDFF5A1D25D045CC003FB040 /* CategoryItem.swift in Sources */ = {isa = PBXBuildFile; fileRef = DDFF5A1C25D045CC003FB040 /* CategoryItem.swift */; };
		DDFF5A2225D04706003FB040 /* Home.swift in Sources */ = {isa = PBXBuildFile; fileRef = DDFF5A2125D04706003FB040 /* Home.swift */; };
		DDFF5A2625D04741003FB040 /* RandomView.swift in Sources */ = {isa = PBXBuildFile; fileRef = DDFF5A2525D04741003FB040 /* RandomView.swift */; };
		DDFF5A2925D04768003FB040 /* RandomResult.swift in Sources */ = {isa = PBXBuildFile; fileRef = DDFF5A2825D04768003FB040 /* RandomResult.swift */; };
		DDFF5A3025D047A4003FB040 /* FavouriteView.swift in Sources */ = {isa = PBXBuildFile; fileRef = DDFF5A2F25D047A4003FB040 /* FavouriteView.swift */; };
		DDFF5A3325D05C18003FB040 /* CategoryList.swift in Sources */ = {isa = PBXBuildFile; fileRef = DDFF5A3225D05C18003FB040 /* CategoryList.swift */; };
		DDFF5A3625D05C87003FB040 /* CategoryView.swift in Sources */ = {isa = PBXBuildFile; fileRef = DDFF5A3525D05C87003FB040 /* CategoryView.swift */; };
		DDFF5A3B25D05DB6003FB040 /* RestaurantItem.swift in Sources */ = {isa = PBXBuildFile; fileRef = DDFF5A3A25D05DB6003FB040 /* RestaurantItem.swift */; };
		DDFF5A3F25D05E59003FB040 /* RestaurantList.swift in Sources */ = {isa = PBXBuildFile; fileRef = DDFF5A3E25D05E59003FB040 /* RestaurantList.swift */; };
		DDFF5A4225D05E99003FB040 /* RestaurantDetail.swift in Sources */ = {isa = PBXBuildFile; fileRef = DDFF5A4125D05E99003FB040 /* RestaurantDetail.swift */; };
		DDFF5A4725D06005003FB040 /* PopularItem.swift in Sources */ = {isa = PBXBuildFile; fileRef = DDFF5A4625D06005003FB040 /* PopularItem.swift */; };
		DDFF5A4B25D06063003FB040 /* PopularList.swift in Sources */ = {isa = PBXBuildFile; fileRef = DDFF5A4A25D06063003FB040 /* PopularList.swift */; };
		DDFF5A5025D0625B003FB040 /* FavouriteButton.swift in Sources */ = {isa = PBXBuildFile; fileRef = DDFF5A4F25D0625B003FB040 /* FavouriteButton.swift */; };
/* End PBXBuildFile section */

/* Begin PBXFileReference section */
		6BE312C05296989B5DE75706 /* Pods-PMU!.debug.xcconfig */ = {isa = PBXFileReference; includeInIndex = 1; lastKnownFileType = text.xcconfig; name = "Pods-PMU!.debug.xcconfig"; path = "Target Support Files/Pods-PMU!/Pods-PMU!.debug.xcconfig"; sourceTree = "<group>"; };
		799D9D797476E510F1AD1DC6 /* Pods-PMU!.release.xcconfig */ = {isa = PBXFileReference; includeInIndex = 1; lastKnownFileType = text.xcconfig; name = "Pods-PMU!.release.xcconfig"; path = "Target Support Files/Pods-PMU!/Pods-PMU!.release.xcconfig"; sourceTree = "<group>"; };
		B7D5CB7F25D13E5400F02426 /* GoogleMapView.swift */ = {isa = PBXFileReference; lastKnownFileType = sourcecode.swift; path = GoogleMapView.swift; sourceTree = "<group>"; };
		B7D5CB8225D13E7700F02426 /* LocationManager.swift */ = {isa = PBXFileReference; lastKnownFileType = sourcecode.swift; path = LocationManager.swift; sourceTree = "<group>"; };
		DDDE1F0825E69AED00598867 /* Response.swift */ = {isa = PBXFileReference; lastKnownFileType = sourcecode.swift; path = Response.swift; sourceTree = "<group>"; };
		DDDE1F0D25E69D9A00598867 /* SukhumvitSet.ttc */ = {isa = PBXFileReference; lastKnownFileType = file; name = SukhumvitSet.ttc; path = "../../../Desktop/PICK MEAL UP/Font/SukhumvitSet.ttc"; sourceTree = "<group>"; };
		DDFF59E225D0330A003FB040 /* PMU!.app */ = {isa = PBXFileReference; explicitFileType = wrapper.application; includeInIndex = 0; path = "PMU!.app"; sourceTree = BUILT_PRODUCTS_DIR; };
		DDFF59E525D0330A003FB040 /* PMU_App.swift */ = {isa = PBXFileReference; lastKnownFileType = sourcecode.swift; path = PMU_App.swift; sourceTree = "<group>"; };
		DDFF59E725D0330A003FB040 /* ContentView.swift */ = {isa = PBXFileReference; lastKnownFileType = sourcecode.swift; path = ContentView.swift; sourceTree = "<group>"; };
		DDFF59E925D0330D003FB040 /* Assets.xcassets */ = {isa = PBXFileReference; lastKnownFileType = folder.assetcatalog; path = Assets.xcassets; sourceTree = "<group>"; };
		DDFF59EC25D0330D003FB040 /* Preview Assets.xcassets */ = {isa = PBXFileReference; lastKnownFileType = folder.assetcatalog; path = "Preview Assets.xcassets"; sourceTree = "<group>"; };
		DDFF59EE25D0330D003FB040 /* Info.plist */ = {isa = PBXFileReference; lastKnownFileType = text.plist.xml; path = Info.plist; sourceTree = "<group>"; };
		DDFF5A0225D036ED003FB040 /* Restaurants.swift */ = {isa = PBXFileReference; lastKnownFileType = sourcecode.swift; path = Restaurants.swift; sourceTree = "<group>"; };
		DDFF5A0925D03F6E003FB040 /* Category.swift */ = {isa = PBXFileReference; lastKnownFileType = sourcecode.swift; path = Category.swift; sourceTree = "<group>"; };
		DDFF5A1C25D045CC003FB040 /* CategoryItem.swift */ = {isa = PBXFileReference; lastKnownFileType = sourcecode.swift; path = CategoryItem.swift; sourceTree = "<group>"; };
		DDFF5A2125D04706003FB040 /* Home.swift */ = {isa = PBXFileReference; lastKnownFileType = sourcecode.swift; path = Home.swift; sourceTree = "<group>"; };
		DDFF5A2525D04741003FB040 /* RandomView.swift */ = {isa = PBXFileReference; lastKnownFileType = sourcecode.swift; path = RandomView.swift; sourceTree = "<group>"; };
		DDFF5A2825D04768003FB040 /* RandomResult.swift */ = {isa = PBXFileReference; lastKnownFileType = sourcecode.swift; path = RandomResult.swift; sourceTree = "<group>"; };
		DDFF5A2F25D047A4003FB040 /* FavouriteView.swift */ = {isa = PBXFileReference; lastKnownFileType = sourcecode.swift; path = FavouriteView.swift; sourceTree = "<group>"; };
		DDFF5A3225D05C18003FB040 /* CategoryList.swift */ = {isa = PBXFileReference; lastKnownFileType = sourcecode.swift; path = CategoryList.swift; sourceTree = "<group>"; };
		DDFF5A3525D05C87003FB040 /* CategoryView.swift */ = {isa = PBXFileReference; lastKnownFileType = sourcecode.swift; path = CategoryView.swift; sourceTree = "<group>"; };
		DDFF5A3A25D05DB6003FB040 /* RestaurantItem.swift */ = {isa = PBXFileReference; lastKnownFileType = sourcecode.swift; path = RestaurantItem.swift; sourceTree = "<group>"; };
		DDFF5A3E25D05E59003FB040 /* RestaurantList.swift */ = {isa = PBXFileReference; lastKnownFileType = sourcecode.swift; path = RestaurantList.swift; sourceTree = "<group>"; };
		DDFF5A4125D05E99003FB040 /* RestaurantDetail.swift */ = {isa = PBXFileReference; lastKnownFileType = sourcecode.swift; path = RestaurantDetail.swift; sourceTree = "<group>"; };
		DDFF5A4625D06005003FB040 /* PopularItem.swift */ = {isa = PBXFileReference; lastKnownFileType = sourcecode.swift; path = PopularItem.swift; sourceTree = "<group>"; };
		DDFF5A4A25D06063003FB040 /* PopularList.swift */ = {isa = PBXFileReference; lastKnownFileType = sourcecode.swift; path = PopularList.swift; sourceTree = "<group>"; };
		DDFF5A4F25D0625B003FB040 /* FavouriteButton.swift */ = {isa = PBXFileReference; lastKnownFileType = sourcecode.swift; path = FavouriteButton.swift; sourceTree = "<group>"; };
/* End PBXFileReference section */

/* Begin PBXFrameworksBuildPhase section */
		DDFF59DF25D0330A003FB040 /* Frameworks */ = {
			isa = PBXFrameworksBuildPhase;
			buildActionMask = 2147483647;
			files = (
			);
			runOnlyForDeploymentPostprocessing = 0;
		};
/* End PBXFrameworksBuildPhase section */

/* Begin PBXGroup section */
		267363A8EEFB4505FBFCB387 /* Pods */ = {
			isa = PBXGroup;
			children = (
				6BE312C05296989B5DE75706 /* Pods-PMU!.debug.xcconfig */,
				799D9D797476E510F1AD1DC6 /* Pods-PMU!.release.xcconfig */,
			);
			path = Pods;
			sourceTree = "<group>";
		};
		69F710C4C0B5E0A88355B20B /* Frameworks */ = {
			isa = PBXGroup;
			children = (
			);
			name = Frameworks;
			sourceTree = "<group>";
		};
		DDFF59D925D0330A003FB040 = {
			isa = PBXGroup;
			children = (
				DDFF5A1125D0427B003FB040 /* Font */,
				DDFF59E425D0330A003FB040 /* PMU! */,
				DDFF59E325D0330A003FB040 /* Products */,
				267363A8EEFB4505FBFCB387 /* Pods */,
				69F710C4C0B5E0A88355B20B /* Frameworks */,
			);
			sourceTree = "<group>";
		};
		DDFF59E325D0330A003FB040 /* Products */ = {
			isa = PBXGroup;
			children = (
				DDFF59E225D0330A003FB040 /* PMU!.app */,
			);
			name = Products;
			sourceTree = "<group>";
		};
		DDFF59E425D0330A003FB040 /* PMU! */ = {
			isa = PBXGroup;
			children = (
				DDFF59E525D0330A003FB040 /* PMU_App.swift */,
				DDFF59F525D03458003FB040 /* View */,
				DDFF59FB25D034EF003FB040 /* Model */,
				DDFF59E925D0330D003FB040 /* Assets.xcassets */,
				DDFF59EE25D0330D003FB040 /* Info.plist */,
				DDFF59EB25D0330D003FB040 /* Preview Content */,
			);
			path = "PMU!";
			sourceTree = "<group>";
		};
		DDFF59EB25D0330D003FB040 /* Preview Content */ = {
			isa = PBXGroup;
			children = (
				DDFF59EC25D0330D003FB040 /* Preview Assets.xcassets */,
			);
			path = "Preview Content";
			sourceTree = "<group>";
		};
		DDFF59F525D03458003FB040 /* View */ = {
			isa = PBXGroup;
			children = (
				DDFF59E725D0330A003FB040 /* ContentView.swift */,
				DDFF5A4E25D0622C003FB040 /* Button */,
				DDFF5A2C25D04780003FB040 /* Random */,
				DDFF5A4525D05FF3003FB040 /* Popular */,
				DDFF5A3925D05DA4003FB040 /* Restaurants */,
				DDFF5A2025D046F7003FB040 /* TabView */,
				DDFF5A1625D04514003FB040 /* Categories */,
			);
			path = View;
			sourceTree = "<group>";
		};
		DDFF59FB25D034EF003FB040 /* Model */ = {
			isa = PBXGroup;
			children = (
				DDFF5A0225D036ED003FB040 /* Restaurants.swift */,
				DDDE1F0825E69AED00598867 /* Response.swift */,
				DDFF5A0925D03F6E003FB040 /* Category.swift */,
			);
			path = Model;
			sourceTree = "<group>";
		};
		DDFF5A1125D0427B003FB040 /* Font */ = {
			isa = PBXGroup;
			children = (
				DDDE1F0D25E69D9A00598867 /* SukhumvitSet.ttc */,
			);
			path = Font;
			sourceTree = "<group>";
		};
		DDFF5A1625D04514003FB040 /* Categories */ = {
			isa = PBXGroup;
			children = (
				DDFF5A1C25D045CC003FB040 /* CategoryItem.swift */,
				DDFF5A3225D05C18003FB040 /* CategoryList.swift */,
				DDFF5A3525D05C87003FB040 /* CategoryView.swift */,
			);
			path = Categories;
			sourceTree = "<group>";
		};
		DDFF5A2025D046F7003FB040 /* TabView */ = {
			isa = PBXGroup;
			children = (
				DDFF5A2125D04706003FB040 /* Home.swift */,
				DDFF5A2F25D047A4003FB040 /* FavouriteView.swift */,
				B7D5CB7F25D13E5400F02426 /* GoogleMapView.swift */,
				B7D5CB8225D13E7700F02426 /* LocationManager.swift */,
			);
			path = TabView;
			sourceTree = "<group>";
		};
		DDFF5A2C25D04780003FB040 /* Random */ = {
			isa = PBXGroup;
			children = (
				DDFF5A2525D04741003FB040 /* RandomView.swift */,
				DDFF5A2825D04768003FB040 /* RandomResult.swift */,
			);
			path = Random;
			sourceTree = "<group>";
		};
		DDFF5A3925D05DA4003FB040 /* Restaurants */ = {
			isa = PBXGroup;
			children = (
				DDFF5A3A25D05DB6003FB040 /* RestaurantItem.swift */,
				DDFF5A3E25D05E59003FB040 /* RestaurantList.swift */,
				DDFF5A4125D05E99003FB040 /* RestaurantDetail.swift */,
			);
			path = Restaurants;
			sourceTree = "<group>";
		};
		DDFF5A4525D05FF3003FB040 /* Popular */ = {
			isa = PBXGroup;
			children = (
				DDFF5A4625D06005003FB040 /* PopularItem.swift */,
				DDFF5A4A25D06063003FB040 /* PopularList.swift */,
			);
			path = Popular;
			sourceTree = "<group>";
		};
		DDFF5A4E25D0622C003FB040 /* Button */ = {
			isa = PBXGroup;
			children = (
				DDFF5A4F25D0625B003FB040 /* FavouriteButton.swift */,
			);
			path = Button;
			sourceTree = "<group>";
		};
/* End PBXGroup section */

/* Begin PBXNativeTarget section */
		DDFF59E125D0330A003FB040 /* PMU! */ = {
			isa = PBXNativeTarget;
			buildConfigurationList = DDFF59F125D0330D003FB040 /* Build configuration list for PBXNativeTarget "PMU!" */;
			buildPhases = (
				31D049B0021DE5A221DDF66F /* [CP] Check Pods Manifest.lock */,
				DDFF59DE25D0330A003FB040 /* Sources */,
				DDFF59DF25D0330A003FB040 /* Frameworks */,
				DDFF59E025D0330A003FB040 /* Resources */,
				13C000A9D11180AD8C542B4E /* [CP] Copy Pods Resources */,
			);
			buildRules = (
			);
			dependencies = (
			);
			name = "PMU!";
			productName = "PMU!";
			productReference = DDFF59E225D0330A003FB040 /* PMU!.app */;
			productType = "com.apple.product-type.application";
		};
/* End PBXNativeTarget section */

/* Begin PBXProject section */
		DDFF59DA25D0330A003FB040 /* Project object */ = {
			isa = PBXProject;
			attributes = {
				LastSwiftUpdateCheck = 1230;
				LastUpgradeCheck = 1230;
				TargetAttributes = {
					DDFF59E125D0330A003FB040 = {
						CreatedOnToolsVersion = 12.3;
					};
				};
			};
			buildConfigurationList = DDFF59DD25D0330A003FB040 /* Build configuration list for PBXProject "PMU!" */;
			compatibilityVersion = "Xcode 9.3";
			developmentRegion = en;
			hasScannedForEncodings = 0;
			knownRegions = (
				en,
				Base,
			);
			mainGroup = DDFF59D925D0330A003FB040;
			productRefGroup = DDFF59E325D0330A003FB040 /* Products */;
			projectDirPath = "";
			projectRoot = "";
			targets = (
				DDFF59E125D0330A003FB040 /* PMU! */,
			);
		};
/* End PBXProject section */

/* Begin PBXResourcesBuildPhase section */
		DDFF59E025D0330A003FB040 /* Resources */ = {
			isa = PBXResourcesBuildPhase;
			buildActionMask = 2147483647;
			files = (
				DDDE1F0E25E69D9A00598867 /* SukhumvitSet.ttc in Resources */,
				DDFF59ED25D0330D003FB040 /* Preview Assets.xcassets in Resources */,
				DDFF59EA25D0330D003FB040 /* Assets.xcassets in Resources */,
			);
			runOnlyForDeploymentPostprocessing = 0;
		};
/* End PBXResourcesBuildPhase section */

/* Begin PBXShellScriptBuildPhase section */
		13C000A9D11180AD8C542B4E /* [CP] Copy Pods Resources */ = {
			isa = PBXShellScriptBuildPhase;
			buildActionMask = 2147483647;
			files = (
			);
			inputFileListPaths = (
				"${PODS_ROOT}/Target Support Files/Pods-PMU!/Pods-PMU!-resources-${CONFIGURATION}-input-files.xcfilelist",
			);
			name = "[CP] Copy Pods Resources";
			outputFileListPaths = (
				"${PODS_ROOT}/Target Support Files/Pods-PMU!/Pods-PMU!-resources-${CONFIGURATION}-output-files.xcfilelist",
			);
			runOnlyForDeploymentPostprocessing = 0;
			shellPath = /bin/sh;
			shellScript = "\"${PODS_ROOT}/Target Support Files/Pods-PMU!/Pods-PMU!-resources.sh\"\n";
			showEnvVarsInLog = 0;
		};
		31D049B0021DE5A221DDF66F /* [CP] Check Pods Manifest.lock */ = {
			isa = PBXShellScriptBuildPhase;
			buildActionMask = 2147483647;
			files = (
			);
			inputFileListPaths = (
			);
			inputPaths = (
				"${PODS_PODFILE_DIR_PATH}/Podfile.lock",
				"${PODS_ROOT}/Manifest.lock",
			);
			name = "[CP] Check Pods Manifest.lock";
			outputFileListPaths = (
			);
			outputPaths = (
				"$(DERIVED_FILE_DIR)/Pods-PMU!-checkManifestLockResult.txt",
			);
			runOnlyForDeploymentPostprocessing = 0;
			shellPath = /bin/sh;
			shellScript = "diff \"${PODS_PODFILE_DIR_PATH}/Podfile.lock\" \"${PODS_ROOT}/Manifest.lock\" > /dev/null\nif [ $? != 0 ] ; then\n    # print error to STDERR\n    echo \"error: The sandbox is not in sync with the Podfile.lock. Run 'pod install' or update your CocoaPods installation.\" >&2\n    exit 1\nfi\n# This output is used by Xcode 'outputs' to avoid re-running this script phase.\necho \"SUCCESS\" > \"${SCRIPT_OUTPUT_FILE_0}\"\n";
			showEnvVarsInLog = 0;
		};
/* End PBXShellScriptBuildPhase section */

/* Begin PBXSourcesBuildPhase section */
		DDFF59DE25D0330A003FB040 /* Sources */ = {
			isa = PBXSourcesBuildPhase;
			buildActionMask = 2147483647;
			files = (
				B7D5CB8025D13E5400F02426 /* GoogleMapView.swift in Sources */,
				DDFF5A2625D04741003FB040 /* RandomView.swift in Sources */,
				DDFF5A4225D05E99003FB040 /* RestaurantDetail.swift in Sources */,
				DDFF59E825D0330A003FB040 /* ContentView.swift in Sources */,
				DDFF5A4725D06005003FB040 /* PopularItem.swift in Sources */,
				DDDE1F0925E69AED00598867 /* Response.swift in Sources */,
				DDFF5A0325D036ED003FB040 /* Restaurants.swift in Sources */,
				DDFF5A5025D0625B003FB040 /* FavouriteButton.swift in Sources */,
				DDFF59E625D0330A003FB040 /* PMU_App.swift in Sources */,
				DDFF5A1D25D045CC003FB040 /* CategoryItem.swift in Sources */,
				DDFF5A3625D05C87003FB040 /* CategoryView.swift in Sources */,
				DDFF5A2925D04768003FB040 /* RandomResult.swift in Sources */,
				DDFF5A3B25D05DB6003FB040 /* RestaurantItem.swift in Sources */,
				DDFF5A2225D04706003FB040 /* Home.swift in Sources */,
				DDFF5A4B25D06063003FB040 /* PopularList.swift in Sources */,
				DDFF5A3325D05C18003FB040 /* CategoryList.swift in Sources */,
				DDFF5A3025D047A4003FB040 /* FavouriteView.swift in Sources */,
				DDFF5A3F25D05E59003FB040 /* RestaurantList.swift in Sources */,
				B7D5CB8325D13E7700F02426 /* LocationManager.swift in Sources */,
				DDFF5A0A25D03F6E003FB040 /* Category.swift in Sources */,
			);
			runOnlyForDeploymentPostprocessing = 0;
		};
/* End PBXSourcesBuildPhase section */

/* Begin XCBuildConfiguration section */
		DDFF59EF25D0330D003FB040 /* Debug */ = {
			isa = XCBuildConfiguration;
			buildSettings = {
				ALWAYS_SEARCH_USER_PATHS = NO;
				CLANG_ANALYZER_NONNULL = YES;
				CLANG_ANALYZER_NUMBER_OBJECT_CONVERSION = YES_AGGRESSIVE;
				CLANG_CXX_LANGUAGE_STANDARD = "gnu++14";
				CLANG_CXX_LIBRARY = "libc++";
				CLANG_ENABLE_MODULES = YES;
				CLANG_ENABLE_OBJC_ARC = YES;
				CLANG_ENABLE_OBJC_WEAK = YES;
				CLANG_WARN_BLOCK_CAPTURE_AUTORELEASING = YES;
				CLANG_WARN_BOOL_CONVERSION = YES;
				CLANG_WARN_COMMA = YES;
				CLANG_WARN_CONSTANT_CONVERSION = YES;
				CLANG_WARN_DEPRECATED_OBJC_IMPLEMENTATIONS = YES;
				CLANG_WARN_DIRECT_OBJC_ISA_USAGE = YES_ERROR;
				CLANG_WARN_DOCUMENTATION_COMMENTS = YES;
				CLANG_WARN_EMPTY_BODY = YES;
				CLANG_WARN_ENUM_CONVERSION = YES;
				CLANG_WARN_INFINITE_RECURSION = YES;
				CLANG_WARN_INT_CONVERSION = YES;
				CLANG_WARN_NON_LITERAL_NULL_CONVERSION = YES;
				CLANG_WARN_OBJC_IMPLICIT_RETAIN_SELF = YES;
				CLANG_WARN_OBJC_LITERAL_CONVERSION = YES;
				CLANG_WARN_OBJC_ROOT_CLASS = YES_ERROR;
				CLANG_WARN_QUOTED_INCLUDE_IN_FRAMEWORK_HEADER = YES;
				CLANG_WARN_RANGE_LOOP_ANALYSIS = YES;
				CLANG_WARN_STRICT_PROTOTYPES = YES;
				CLANG_WARN_SUSPICIOUS_MOVE = YES;
				CLANG_WARN_UNGUARDED_AVAILABILITY = YES_AGGRESSIVE;
				CLANG_WARN_UNREACHABLE_CODE = YES;
				CLANG_WARN__DUPLICATE_METHOD_MATCH = YES;
				COPY_PHASE_STRIP = NO;
				DEBUG_INFORMATION_FORMAT = dwarf;
				ENABLE_STRICT_OBJC_MSGSEND = YES;
				ENABLE_TESTABILITY = YES;
				GCC_C_LANGUAGE_STANDARD = gnu11;
				GCC_DYNAMIC_NO_PIC = NO;
				GCC_NO_COMMON_BLOCKS = YES;
				GCC_OPTIMIZATION_LEVEL = 0;
				GCC_PREPROCESSOR_DEFINITIONS = (
					"DEBUG=1",
					"$(inherited)",
				);
				GCC_WARN_64_TO_32_BIT_CONVERSION = YES;
				GCC_WARN_ABOUT_RETURN_TYPE = YES_ERROR;
				GCC_WARN_UNDECLARED_SELECTOR = YES;
				GCC_WARN_UNINITIALIZED_AUTOS = YES_AGGRESSIVE;
				GCC_WARN_UNUSED_FUNCTION = YES;
				GCC_WARN_UNUSED_VARIABLE = YES;
				IPHONEOS_DEPLOYMENT_TARGET = 13.0;
				MTL_ENABLE_DEBUG_INFO = INCLUDE_SOURCE;
				MTL_FAST_MATH = YES;
				ONLY_ACTIVE_ARCH = YES;
				SDKROOT = iphoneos;
				SWIFT_ACTIVE_COMPILATION_CONDITIONS = DEBUG;
				SWIFT_OPTIMIZATION_LEVEL = "-Onone";
			};
			name = Debug;
		};
		DDFF59F025D0330D003FB040 /* Release */ = {
			isa = XCBuildConfiguration;
			buildSettings = {
				ALWAYS_SEARCH_USER_PATHS = NO;
				CLANG_ANALYZER_NONNULL = YES;
				CLANG_ANALYZER_NUMBER_OBJECT_CONVERSION = YES_AGGRESSIVE;
				CLANG_CXX_LANGUAGE_STANDARD = "gnu++14";
				CLANG_CXX_LIBRARY = "libc++";
				CLANG_ENABLE_MODULES = YES;
				CLANG_ENABLE_OBJC_ARC = YES;
				CLANG_ENABLE_OBJC_WEAK = YES;
				CLANG_WARN_BLOCK_CAPTURE_AUTORELEASING = YES;
				CLANG_WARN_BOOL_CONVERSION = YES;
				CLANG_WARN_COMMA = YES;
				CLANG_WARN_CONSTANT_CONVERSION = YES;
				CLANG_WARN_DEPRECATED_OBJC_IMPLEMENTATIONS = YES;
				CLANG_WARN_DIRECT_OBJC_ISA_USAGE = YES_ERROR;
				CLANG_WARN_DOCUMENTATION_COMMENTS = YES;
				CLANG_WARN_EMPTY_BODY = YES;
				CLANG_WARN_ENUM_CONVERSION = YES;
				CLANG_WARN_INFINITE_RECURSION = YES;
				CLANG_WARN_INT_CONVERSION = YES;
				CLANG_WARN_NON_LITERAL_NULL_CONVERSION = YES;
				CLANG_WARN_OBJC_IMPLICIT_RETAIN_SELF = YES;
				CLANG_WARN_OBJC_LITERAL_CONVERSION = YES;
				CLANG_WARN_OBJC_ROOT_CLASS = YES_ERROR;
				CLANG_WARN_QUOTED_INCLUDE_IN_FRAMEWORK_HEADER = YES;
				CLANG_WARN_RANGE_LOOP_ANALYSIS = YES;
				CLANG_WARN_STRICT_PROTOTYPES = YES;
				CLANG_WARN_SUSPICIOUS_MOVE = YES;
				CLANG_WARN_UNGUARDED_AVAILABILITY = YES_AGGRESSIVE;
				CLANG_WARN_UNREACHABLE_CODE = YES;
				CLANG_WARN__DUPLICATE_METHOD_MATCH = YES;
				COPY_PHASE_STRIP = NO;
				DEBUG_INFORMATION_FORMAT = "dwarf-with-dsym";
				ENABLE_NS_ASSERTIONS = NO;
				ENABLE_STRICT_OBJC_MSGSEND = YES;
				GCC_C_LANGUAGE_STANDARD = gnu11;
				GCC_NO_COMMON_BLOCKS = YES;
				GCC_WARN_64_TO_32_BIT_CONVERSION = YES;
				GCC_WARN_ABOUT_RETURN_TYPE = YES_ERROR;
				GCC_WARN_UNDECLARED_SELECTOR = YES;
				GCC_WARN_UNINITIALIZED_AUTOS = YES_AGGRESSIVE;
				GCC_WARN_UNUSED_FUNCTION = YES;
				GCC_WARN_UNUSED_VARIABLE = YES;
				IPHONEOS_DEPLOYMENT_TARGET = 13.0;
				MTL_ENABLE_DEBUG_INFO = NO;
				MTL_FAST_MATH = YES;
				SDKROOT = iphoneos;
				SWIFT_COMPILATION_MODE = wholemodule;
				SWIFT_OPTIMIZATION_LEVEL = "-O";
				VALIDATE_PRODUCT = YES;
			};
			name = Release;
		};
		DDFF59F225D0330D003FB040 /* Debug */ = {
			isa = XCBuildConfiguration;
			baseConfigurationReference = 6BE312C05296989B5DE75706 /* Pods-PMU!.debug.xcconfig */;
			buildSettings = {
				ASSETCATALOG_COMPILER_APPICON_NAME = AppIcon;
				ASSETCATALOG_COMPILER_GLOBAL_ACCENT_COLOR_NAME = AccentColor;
				CODE_SIGN_STYLE = Automatic;
				DEVELOPMENT_ASSET_PATHS = "\"PMU!/Preview Content\"";
				DEVELOPMENT_TEAM = 85WAQ8GTDW;
				ENABLE_PREVIEWS = YES;
				INFOPLIST_FILE = "PMU!/Info.plist";
				IPHONEOS_DEPLOYMENT_TARGET = 14.0;
				LD_RUNPATH_SEARCH_PATHS = (
					"$(inherited)",
					"@executable_path/Frameworks",
				);
				PRODUCT_BUNDLE_IDENTIFIER = "com.DanurujP.PMU-";
				PRODUCT_NAME = "$(TARGET_NAME)";
				SWIFT_VERSION = 5.0;
				TARGETED_DEVICE_FAMILY = "1,2";
			};
			name = Debug;
		};
		DDFF59F325D0330D003FB040 /* Release */ = {
			isa = XCBuildConfiguration;
			baseConfigurationReference = 799D9D797476E510F1AD1DC6 /* Pods-PMU!.release.xcconfig */;
			buildSettings = {
				ASSETCATALOG_COMPILER_APPICON_NAME = AppIcon;
				ASSETCATALOG_COMPILER_GLOBAL_ACCENT_COLOR_NAME = AccentColor;
				CODE_SIGN_STYLE = Automatic;
				DEVELOPMENT_ASSET_PATHS = "\"PMU!/Preview Content\"";
				DEVELOPMENT_TEAM = 85WAQ8GTDW;
				ENABLE_PREVIEWS = YES;
				INFOPLIST_FILE = "PMU!/Info.plist";
				IPHONEOS_DEPLOYMENT_TARGET = 14.0;
				LD_RUNPATH_SEARCH_PATHS = (
					"$(inherited)",
					"@executable_path/Frameworks",
				);
				PRODUCT_BUNDLE_IDENTIFIER = "com.DanurujP.PMU-";
				PRODUCT_NAME = "$(TARGET_NAME)";
				SWIFT_VERSION = 5.0;
				TARGETED_DEVICE_FAMILY = "1,2";
			};
			name = Release;
		};
/* End XCBuildConfiguration section */

/* Begin XCConfigurationList section */
		DDFF59DD25D0330A003FB040 /* Build configuration list for PBXProject "PMU!" */ = {
			isa = XCConfigurationList;
			buildConfigurations = (
				DDFF59EF25D0330D003FB040 /* Debug */,
				DDFF59F025D0330D003FB040 /* Release */,
			);
			defaultConfigurationIsVisible = 0;
			defaultConfigurationName = Release;
		};
		DDFF59F125D0330D003FB040 /* Build configuration list for PBXNativeTarget "PMU!" */ = {
			isa = XCConfigurationList;
			buildConfigurations = (
				DDFF59F225D0330D003FB040 /* Debug */,
				DDFF59F325D0330D003FB040 /* Release */,
			);
			defaultConfigurationIsVisible = 0;
			defaultConfigurationName = Release;
		};
/* End XCConfigurationList section */
	};
	rootObject = DDFF59DA25D0330A003FB040 /* Project object */;
}
